
Microsoft Visual Studio Solution File, Format Version 12.00
# Visual Studio 15
VisualStudioVersion = 15.0.28010.2036
MinimumVisualStudioVersion = 10.0.40219.1
Project("{FAE04EC0-301F-11D3-BF4B-00C04F79EFBC}") = "Procedural", "ConsoleApp1\Procedural.csproj", "{EF379632-2101-4D00-877B-461B88D9A8E1}"
EndProject
Project("{FAE04EC0-301F-11D3-BF4B-00C04F79EFBC}") = "OOP_Decorator", "OOP_Decorator\OOP_Decorator.csproj", "{4FC13513-362F-4174-A591-C0D1CCBDE450}"
EndProject
Global
	GlobalSection(SolutionConfigurationPlatforms) = preSolution
		Debug|Any CPU = Debug|Any CPU
		Release|Any CPU = Release|Any CPU
	EndGlobalSection
	GlobalSection(ProjectConfigurationPlatforms) = postSolution
		{EF379632-2101-4D00-877B-461B88D9A8E1}.Debug|Any CPU.ActiveCfg = Debug|Any CPU
		{EF379632-2101-4D00-877B-461B88D9A8E1}.Debug|Any CPU.Build.0 = Debug|Any CPU
		{EF379632-2101-4D00-877B-461B88D9A8E1}.Release|Any CPU.ActiveCfg = Release|Any CPU
		{EF379632-2101-4D00-877B-461B88D9A8E1}.Release|Any CPU.Build.0 = Release|Any CPU
		{4FC13513-362F-4174-A591-C0D1CCBDE450}.Debug|Any CPU.ActiveCfg = Debug|Any CPU
		{4FC13513-362F-4174-A591-C0D1CCBDE450}.Debug|Any CPU.Build.0 = Debug|Any CPU
		{4FC13513-362F-4174-A591-C0D1CCBDE450}.Release|Any CPU.ActiveCfg = Release|Any CPU
		{4FC13513-362F-4174-A591-C0D1CCBDE450}.Release|Any CPU.Build.0 = Release|Any CPU
	EndGlobalSection
	GlobalSection(SolutionProperties) = preSolution
		HideSolutionNode = FALSE
	EndGlobalSection
	GlobalSection(ExtensibilityGlobals) = postSolution
		SolutionGuid = {E0BEB4CD-F54B-476C-819E-2FBEDCBDC735}
	EndGlobalSection
EndGlobal
